
Microsoft Visual Studio Solution File, Format Version 12.00
# Visual Studio Version 16
VisualStudioVersion = 16.0.32106.194
MinimumVisualStudioVersion = 10.0.40219.1
Project("{FAE04EC0-301F-11D3-BF4B-00C04F79EFBC}") = "Class", "Class\Class.csproj", "{21A336D0-05C5-4CB4-BE6F-05F6A4B73588}"
EndProject
Project("{FAE04EC0-301F-11D3-BF4B-00C04F79EFBC}") = "Abstraction1", "Abstraction1\Abstraction1.csproj", "{0076F923-B8DA-4C96-A84A-1327DF3A20D2}"
EndProject
Project("{FAE04EC0-301F-11D3-BF4B-00C04F79EFBC}") = "Inheritance1", "Inheritance1\Inheritance1.csproj", "{D2711789-A6AB-4B54-BF31-3BFBE623861E}"
EndProject
Project("{FAE04EC0-301F-11D3-BF4B-00C04F79EFBC}") = "Custom_Exception", "Custom_Exception\Custom_Exception.csproj", "{B4242E02-ECBC-43FD-9530-BC9F8E54EB52}"
EndProject
Global
	GlobalSection(SolutionConfigurationPlatforms) = preSolution
		Debug|Any CPU = Debug|Any CPU
		Release|Any CPU = Release|Any CPU
	EndGlobalSection
	GlobalSection(ProjectConfigurationPlatforms) = postSolution
		{21A336D0-05C5-4CB4-BE6F-05F6A4B73588}.Debug|Any CPU.ActiveCfg = Debug|Any CPU
		{21A336D0-05C5-4CB4-BE6F-05F6A4B73588}.Debug|Any CPU.Build.0 = Debug|Any CPU
		{21A336D0-05C5-4CB4-BE6F-05F6A4B73588}.Release|Any CPU.ActiveCfg = Release|Any CPU
		{21A336D0-05C5-4CB4-BE6F-05F6A4B73588}.Release|Any CPU.Build.0 = Release|Any CPU
		{0076F923-B8DA-4C96-A84A-1327DF3A20D2}.Debug|Any CPU.ActiveCfg = Debug|Any CPU
		{0076F923-B8DA-4C96-A84A-1327DF3A20D2}.Debug|Any CPU.Build.0 = Debug|Any CPU
		{0076F923-B8DA-4C96-A84A-1327DF3A20D2}.Release|Any CPU.ActiveCfg = Release|Any CPU
		{0076F923-B8DA-4C96-A84A-1327DF3A20D2}.Release|Any CPU.Build.0 = Release|Any CPU
		{D2711789-A6AB-4B54-BF31-3BFBE623861E}.Debug|Any CPU.ActiveCfg = Debug|Any CPU
		{D2711789-A6AB-4B54-BF31-3BFBE623861E}.Debug|Any CPU.Build.0 = Debug|Any CPU
		{D2711789-A6AB-4B54-BF31-3BFBE623861E}.Release|Any CPU.ActiveCfg = Release|Any CPU
		{D2711789-A6AB-4B54-BF31-3BFBE623861E}.Release|Any CPU.Build.0 = Release|Any CPU
		{B4242E02-ECBC-43FD-9530-BC9F8E54EB52}.Debug|Any CPU.ActiveCfg = Debug|Any CPU
		{B4242E02-ECBC-43FD-9530-BC9F8E54EB52}.Debug|Any CPU.Build.0 = Debug|Any CPU
		{B4242E02-ECBC-43FD-9530-BC9F8E54EB52}.Release|Any CPU.ActiveCfg = Release|Any CPU
		{B4242E02-ECBC-43FD-9530-BC9F8E54EB52}.Release|Any CPU.Build.0 = Release|Any CPU
	EndGlobalSection
	GlobalSection(SolutionProperties) = preSolution
		HideSolutionNode = FALSE
	EndGlobalSection
	GlobalSection(ExtensibilityGlobals) = postSolution
		SolutionGuid = {28898EEE-D230-40C1-863E-65D75C21C621}
	EndGlobalSection
EndGlobal
